
Microsoft Visual Studio Solution File, Format Version 12.00
# Visual Studio 14
VisualStudioVersion = 14.0.23107.0
MinimumVisualStudioVersion = 10.0.40219.1
Project("{FAE04EC0-301F-11D3-BF4B-00C04F79EFBC}") = "BridgeBaseComponents", "BridgeBaseComponents\BridgeBaseComponents.csproj", "{EFDFF8E1-A91C-4A85-9674-218C98DC3825}"
EndProject
Project("{FAE04EC0-301F-11D3-BF4B-00C04F79EFBC}") = "新建桥类", "新建桥类\新建桥类\新建桥类.csproj", "{D1BB9804-259D-4739-B404-B32304ECEB3D}"
EndProject
Global
	GlobalSection(SolutionConfigurationPlatforms) = preSolution
		Debug|Any CPU = Debug|Any CPU
		Release|Any CPU = Release|Any CPU
	EndGlobalSection
	GlobalSection(ProjectConfigurationPlatforms) = postSolution
		{EFDFF8E1-A91C-4A85-9674-218C98DC3825}.Debug|Any CPU.ActiveCfg = Debug|Any CPU
		{EFDFF8E1-A91C-4A85-9674-218C98DC3825}.Debug|Any CPU.Build.0 = Debug|Any CPU
		{EFDFF8E1-A91C-4A85-9674-218C98DC3825}.Release|Any CPU.ActiveCfg = Release|Any CPU
		{EFDFF8E1-A91C-4A85-9674-218C98DC3825}.Release|Any CPU.Build.0 = Release|Any CPU
		{D1BB9804-259D-4739-B404-B32304ECEB3D}.Debug|Any CPU.ActiveCfg = Debug|Any CPU
		{D1BB9804-259D-4739-B404-B32304ECEB3D}.Debug|Any CPU.Build.0 = Debug|Any CPU
		{D1BB9804-259D-4739-B404-B32304ECEB3D}.Release|Any CPU.ActiveCfg = Release|Any CPU
		{D1BB9804-259D-4739-B404-B32304ECEB3D}.Release|Any CPU.Build.0 = Release|Any CPU
	EndGlobalSection
	GlobalSection(SolutionProperties) = preSolution
		HideSolutionNode = FALSE
	EndGlobalSection
EndGlobal
